{
  "nodes": {
    "nixpkgs": {
      "locked": {
        "lastModified": 1777954456,
        "narHash": "sha256-hGdgeU2Nk87RAuZyYjyDjFL6LK7dAZN5RE9+hrDTkDU=",
        "owner": "NixOS",
        "repo": "nixpkgs",
        "rev": "549bd84d6279f9852cae6225e372cc67fb91a4c1",
        "type": "github"
      },
      "original": {
        "id": "nixpkgs",
        "ref": "nixos-unstable",
        "type": "indirect"
      }
    },
    "papermod": {
      "flake": false,
      "locked": {
        "lastModified": 1777819582,
        "narHash": "sha256-jx35q7y+GnBxK07sQHnAHehhSXdf/CcdBu6WTqCnZPU=",
        "owner": "adityatelange",
        "repo": "hugo-PaperMod",
        "rev": "c4ca7ca486ecd67c8f6bba31551a6ee0d1455926",
        "type": "github"
      },
      "original": {
        "owner": "adityatelange",
        "repo": "hugo-PaperMod",
        "type": "github"
      }
    },
    "root": {
      "inputs": {
        "nixpkgs": "nixpkgs",
        "papermod": "papermod"
      }
    }
  },
  "root": "root",
  "version": 7
}
